
Microsoft Visual Studio Solution File, Format Version 12.00
# Visual Studio 2013
VisualStudioVersion = 12.0.31101.0
MinimumVisualStudioVersion = 10.0.40219.1
Project("{FAE04EC0-301F-11D3-BF4B-00C04F79EFBC}") = "Events.Web", "Events.Web\Events.Web.csproj", "{00DB2AD7-4D1C-462E-BBA2-9C391AC1FB15}"
EndProject
Project("{FAE04EC0-301F-11D3-BF4B-00C04F79EFBC}") = "Events.Data", "Events.Data\Events.Data.csproj", "{DEC3F056-8456-42A5-89E8-5A88F2DBD0FE}"
EndProject
Global
	GlobalSection(SolutionConfigurationPlatforms) = preSolution
		Debug|Any CPU = Debug|Any CPU
		Release|Any CPU = Release|Any CPU
	EndGlobalSection
	GlobalSection(ProjectConfigurationPlatforms) = postSolution
		{00DB2AD7-4D1C-462E-BBA2-9C391AC1FB15}.Debug|Any CPU.ActiveCfg = Debug|Any CPU
		{00DB2AD7-4D1C-462E-BBA2-9C391AC1FB15}.Debug|Any CPU.Build.0 = Debug|Any CPU
		{00DB2AD7-4D1C-462E-BBA2-9C391AC1FB15}.Release|Any CPU.ActiveCfg = Release|Any CPU
		{00DB2AD7-4D1C-462E-BBA2-9C391AC1FB15}.Release|Any CPU.Build.0 = Release|Any CPU
		{DEC3F056-8456-42A5-89E8-5A88F2DBD0FE}.Debug|Any CPU.ActiveCfg = Debug|Any CPU
		{DEC3F056-8456-42A5-89E8-5A88F2DBD0FE}.Debug|Any CPU.Build.0 = Debug|Any CPU
		{DEC3F056-8456-42A5-89E8-5A88F2DBD0FE}.Release|Any CPU.ActiveCfg = Release|Any CPU
		{DEC3F056-8456-42A5-89E8-5A88F2DBD0FE}.Release|Any CPU.Build.0 = Release|Any CPU
	EndGlobalSection
	GlobalSection(SolutionProperties) = preSolution
		HideSolutionNode = FALSE
	EndGlobalSection
EndGlobal
